
Microsoft Visual Studio Solution File, Format Version 12.00
# Visual Studio 15
VisualStudioVersion = 15.0.28307.852
MinimumVisualStudioVersion = 10.0.40219.1
Project("{FAE04EC0-301F-11D3-BF4B-00C04F79EFBC}") = "XKBKeePassPlugin", "XKBKeePassPlugin\XKBKeePassPlugin.csproj", "{D9CB2EA0-C3B3-4A33-9743-8BF2876C852F}"
EndProject
Project("{FAE04EC0-301F-11D3-BF4B-00C04F79EFBC}") = "XKBKeePassPlugin.Tests", "XKBKeePassPlugin.Tests\XKBKeePassPlugin.Tests.csproj", "{6634472B-9AD4-4648-B5F4-50AE2B324D60}"
EndProject
Global
	GlobalSection(SolutionConfigurationPlatforms) = preSolution
		Debug|Any CPU = Debug|Any CPU
		Release|Any CPU = Release|Any CPU
	EndGlobalSection
	GlobalSection(ProjectConfigurationPlatforms) = postSolution
		{D9CB2EA0-C3B3-4A33-9743-8BF2876C852F}.Debug|Any CPU.ActiveCfg = Debug|Any CPU
		{D9CB2EA0-C3B3-4A33-9743-8BF2876C852F}.Debug|Any CPU.Build.0 = Debug|Any CPU
		{D9CB2EA0-C3B3-4A33-9743-8BF2876C852F}.Release|Any CPU.ActiveCfg = Release|Any CPU
		{D9CB2EA0-C3B3-4A33-9743-8BF2876C852F}.Release|Any CPU.Build.0 = Release|Any CPU
		{6634472B-9AD4-4648-B5F4-50AE2B324D60}.Debug|Any CPU.ActiveCfg = Debug|Any CPU
		{6634472B-9AD4-4648-B5F4-50AE2B324D60}.Debug|Any CPU.Build.0 = Debug|Any CPU
		{6634472B-9AD4-4648-B5F4-50AE2B324D60}.Release|Any CPU.ActiveCfg = Release|Any CPU
		{6634472B-9AD4-4648-B5F4-50AE2B324D60}.Release|Any CPU.Build.0 = Release|Any CPU
	EndGlobalSection
	GlobalSection(SolutionProperties) = preSolution
		HideSolutionNode = FALSE
	EndGlobalSection
	GlobalSection(ExtensibilityGlobals) = postSolution
		SolutionGuid = {561AA9B6-2F49-48BC-867A-C3D5A8A89A1C}
	EndGlobalSection
EndGlobal
